
Microsoft Visual Studio Solution File, Format Version 12.00
# Visual Studio 14
VisualStudioVersion = 14.0.25420.1
MinimumVisualStudioVersion = 10.0.40219.1
Project("{FAE04EC0-301F-11D3-BF4B-00C04F79EFBC}") = "FourierCSharp", "FourierCSharp\FourierCSharp.csproj", "{A892BE21-BCE7-4ABE-B591-80CB00B2AEF4}"
EndProject
Project("{FAE04EC0-301F-11D3-BF4B-00C04F79EFBC}") = "Sample", "Sample\Sample.csproj", "{3A0B421E-95BD-4986-9D09-EBE3B679226B}"
EndProject
Global
	GlobalSection(SolutionConfigurationPlatforms) = preSolution
		Debug|Any CPU = Debug|Any CPU
		Release|Any CPU = Release|Any CPU
	EndGlobalSection
	GlobalSection(ProjectConfigurationPlatforms) = postSolution
		{A892BE21-BCE7-4ABE-B591-80CB00B2AEF4}.Debug|Any CPU.ActiveCfg = Debug|Any CPU
		{A892BE21-BCE7-4ABE-B591-80CB00B2AEF4}.Debug|Any CPU.Build.0 = Debug|Any CPU
		{A892BE21-BCE7-4ABE-B591-80CB00B2AEF4}.Release|Any CPU.ActiveCfg = Release|Any CPU
		{A892BE21-BCE7-4ABE-B591-80CB00B2AEF4}.Release|Any CPU.Build.0 = Release|Any CPU
		{3A0B421E-95BD-4986-9D09-EBE3B679226B}.Debug|Any CPU.ActiveCfg = Debug|Any CPU
		{3A0B421E-95BD-4986-9D09-EBE3B679226B}.Debug|Any CPU.Build.0 = Debug|Any CPU
		{3A0B421E-95BD-4986-9D09-EBE3B679226B}.Release|Any CPU.ActiveCfg = Release|Any CPU
		{3A0B421E-95BD-4986-9D09-EBE3B679226B}.Release|Any CPU.Build.0 = Release|Any CPU
	EndGlobalSection
	GlobalSection(SolutionProperties) = preSolution
		HideSolutionNode = FALSE
	EndGlobalSection
EndGlobal
